Microsoft Visual Studio Solution File, Format Version 8.00
Project("{8BC9CEB8-8B4A-11D0-8D11-00A0C91BC942}") = "DC Save Converter", "test3.vcproj", "{261FD83F-018E-408C-92AB-393485A80CCA}"
	ProjectSection(ProjectDependencies) = postProject
	EndProjectSection
EndProject
Project("{54435603-DBB4-11D2-8724-00A0C9A8B90C}") = "Setup1", "..\Setup1\Setup1.vdproj", "{1CF0DF9E-04CA-4135-9139-03C3EE275DB7}"
	ProjectSection(ProjectDependencies) = postProject
	EndProjectSection
EndProject
Global
	GlobalSection(SolutionConfiguration) = preSolution
		Debug = Debug
		Release = Release
	EndGlobalSection
	GlobalSection(ProjectConfiguration) = postSolution
		{261FD83F-018E-408C-92AB-393485A80CCA}.Debug.ActiveCfg = Debug|Win32
		{261FD83F-018E-408C-92AB-393485A80CCA}.Debug.Build.0 = Debug|Win32
		{261FD83F-018E-408C-92AB-393485A80CCA}.Release.ActiveCfg = Release|Win32
		{261FD83F-018E-408C-92AB-393485A80CCA}.Release.Build.0 = Release|Win32
		{1CF0DF9E-04CA-4135-9139-03C3EE275DB7}.Debug.ActiveCfg = Debug
		{1CF0DF9E-04CA-4135-9139-03C3EE275DB7}.Release.ActiveCfg = Release
	EndGlobalSection
	GlobalSection(ExtensibilityGlobals) = postSolution
	EndGlobalSection
	GlobalSection(ExtensibilityAddIns) = postSolution
	EndGlobalSection
EndGlobal
